// !$*UTF8*$!
{
	archiveVersion = 1;
	classes = {
	};
	objectVersion = 55;
	objects = {

/* Begin PBXBuildFile section */
		F498A480292B33E7008638BB /* Petition.swift in Sources */ = {isa = PBXBuildFile; fileRef = F498A47F292B33E7008638BB /* Petition.swift */; };
		F498A482292B36A2008638BB /* Petitions.swift in Sources */ = {isa = PBXBuildFile; fileRef = F498A481292B36A2008638BB /* Petitions.swift */; };
		F4CE4536292C7DDC003E9E2B /* PetitionDetailViewController.swift in Sources */ = {isa = PBXBuildFile; fileRef = F4CE4535292C7DDC003E9E2B /* PetitionDetailViewController.swift */; };
		F4D5E2CB292A016000B098A9 /* AppDelegate.swift in Sources */ = {isa = PBXBuildFile; fileRef = F4D5E2CA292A016000B098A9 /* AppDelegate.swift */; };
		F4D5E2CD292A016000B098A9 /* SceneDelegate.swift in Sources */ = {isa = PBXBuildFile; fileRef = F4D5E2CC292A016000B098A9 /* SceneDelegate.swift */; };
		F4D5E2CF292A016000B098A9 /* ViewController.swift in Sources */ = {isa = PBXBuildFile; fileRef = F4D5E2CE292A016000B098A9 /* ViewController.swift */; };
		F4D5E2D2292A016000B098A9 /* Main.storyboard in Resources */ = {isa = PBXBuildFile; fileRef = F4D5E2D0292A016000B098A9 /* Main.storyboard */; };
		F4D5E2D4292A016100B098A9 /* Assets.xcassets in Resources */ = {isa = PBXBuildFile; fileRef = F4D5E2D3292A016100B098A9 /* Assets.xcassets */; };
		F4D5E2D7292A016100B098A9 /* LaunchScreen.storyboard in Resources */ = {isa = PBXBuildFile; fileRef = F4D5E2D5292A016100B098A9 /* LaunchScreen.storyboard */; };
/* End PBXBuildFile section */

/* Begin PBXFileReference section */
		F498A47F292B33E7008638BB /* Petition.swift */ = {isa = PBXFileReference; lastKnownFileType = sourcecode.swift; path = Petition.swift; sourceTree = "<group>"; };
		F498A481292B36A2008638BB /* Petitions.swift */ = {isa = PBXFileReference; lastKnownFileType = sourcecode.swift; path = Petitions.swift; sourceTree = "<group>"; };
		F4CE4535292C7DDC003E9E2B /* PetitionDetailViewController.swift */ = {isa = PBXFileReference; lastKnownFileType = sourcecode.swift; path = PetitionDetailViewController.swift; sourceTree = "<group>"; };
		F4D5E2C7292A016000B098A9 /* White House Petition.app */ = {isa = PBXFileReference; explicitFileType = wrapper.application; includeInIndex = 0; path = "White House Petition.app"; sourceTree = BUILT_PRODUCTS_DIR; };
		F4D5E2CA292A016000B098A9 /* AppDelegate.swift */ = {isa = PBXFileReference; lastKnownFileType = sourcecode.swift; path = AppDelegate.swift; sourceTree = "<group>"; };
		F4D5E2CC292A016000B098A9 /* SceneDelegate.swift */ = {isa = PBXFileReference; lastKnownFileType = sourcecode.swift; path = SceneDelegate.swift; sourceTree = "<group>"; };
		F4D5E2CE292A016000B098A9 /* ViewController.swift */ = {isa = PBXFileReference; lastKnownFileType = sourcecode.swift; path = ViewController.swift; sourceTree = "<group>"; };
		F4D5E2D1292A016000B098A9 /* Base */ = {isa = PBXFileReference; lastKnownFileType = file.storyboard; name = Base; path = Base.lproj/Main.storyboard; sourceTree = "<group>"; };
		F4D5E2D3292A016100B098A9 /* Assets.xcassets */ = {isa = PBXFileReference; lastKnownFileType = folder.assetcatalog; path = Assets.xcassets; sourceTree = "<group>"; };
		F4D5E2D6292A016100B098A9 /* Base */ = {isa = PBXFileReference; lastKnownFileType = file.storyboard; name = Base; path = Base.lproj/LaunchScreen.storyboard; sourceTree = "<group>"; };
		F4D5E2D8292A016100B098A9 /* Info.plist */ = {isa = PBXFileReference; lastKnownFileType = text.plist.xml; path = Info.plist; sourceTree = "<group>"; };
/* End PBXFileReference section */

/* Begin PBXFrameworksBuildPhase section */
		F4D5E2C4292A016000B098A9 /* Frameworks */ = {
			isa = PBXFrameworksBuildPhase;
			buildActionMask = 2147483647;
			files = (
			);
			runOnlyForDeploymentPostprocessing = 0;
		};
/* End PBXFrameworksBuildPhase section */

/* Begin PBXGroup section */
		F4D5E2BE292A016000B098A9 = {
			isa = PBXGroup;
			children = (
				F4D5E2C9292A016000B098A9 /* White House Petition */,
				F4D5E2C8292A016000B098A9 /* Products */,
			);
			sourceTree = "<group>";
		};
		F4D5E2C8292A016000B098A9 /* Products */ = {
			isa = PBXGroup;
			children = (
				F4D5E2C7292A016000B098A9 /* White House Petition.app */,
			);
			name = Products;
			sourceTree = "<group>";
		};
		F4D5E2C9292A016000B098A9 /* White House Petition */ = {
			isa = PBXGroup;
			children = (
				F4D5E2CA292A016000B098A9 /* AppDelegate.swift */,
				F4D5E2CC292A016000B098A9 /* SceneDelegate.swift */,
				F4D5E2CE292A016000B098A9 /* ViewController.swift */,
				F4D5E2D0292A016000B098A9 /* Main.storyboard */,
				F4D5E2D3292A016100B098A9 /* Assets.xcassets */,
				F4D5E2D5292A016100B098A9 /* LaunchScreen.storyboard */,
				F4D5E2D8292A016100B098A9 /* Info.plist */,
				F498A47F292B33E7008638BB /* Petition.swift */,
				F498A481292B36A2008638BB /* Petitions.swift */,
				F4CE4535292C7DDC003E9E2B /* PetitionDetailViewController.swift */,
			);
			path = "White House Petition";
			sourceTree = "<group>";
		};
/* End PBXGroup section */

/* Begin PBXNativeTarget section */
		F4D5E2C6292A016000B098A9 /* White House Petition */ = {
			isa = PBXNativeTarget;
			buildConfigurationList = F4D5E2DB292A016100B098A9 /* Build configuration list for PBXNativeTarget "White House Petition" */;
			buildPhases = (
				F4D5E2C3292A016000B098A9 /* Sources */,
				F4D5E2C4292A016000B098A9 /* Frameworks */,
				F4D5E2C5292A016000B098A9 /* Resources */,
			);
			buildRules = (
			);
			dependencies = (
			);
			name = "White House Petition";
			productName = "White House Petition";
			productReference = F4D5E2C7292A016000B098A9 /* White House Petition.app */;
			productType = "com.apple.product-type.application";
		};
/* End PBXNativeTarget section */

/* Begin PBXProject section */
		F4D5E2BF292A016000B098A9 /* Project object */ = {
			isa = PBXProject;
			attributes = {
				BuildIndependentTargetsInParallel = 1;
				LastSwiftUpdateCheck = 1300;
				LastUpgradeCheck = 1300;
				TargetAttributes = {
					F4D5E2C6292A016000B098A9 = {
						CreatedOnToolsVersion = 13.0;
					};
				};
			};
			buildConfigurationList = F4D5E2C2292A016000B098A9 /* Build configuration list for PBXProject "White House Petition" */;
			compatibilityVersion = "Xcode 13.0";
			developmentRegion = en;
			hasScannedForEncodings = 0;
			knownRegions = (
				en,
				Base,
			);
			mainGroup = F4D5E2BE292A016000B098A9;
			productRefGroup = F4D5E2C8292A016000B098A9 /* Products */;
			projectDirPath = "";
			projectRoot = "";
			targets = (
				F4D5E2C6292A016000B098A9 /* White House Petition */,
			);
		};
/* End PBXProject section */

/* Begin PBXResourcesBuildPhase section */
		F4D5E2C5292A016000B098A9 /* Resources */ = {
			isa = PBXResourcesBuildPhase;
			buildActionMask = 2147483647;
			files = (
				F4D5E2D7292A016100B098A9 /* LaunchScreen.storyboard in Resources */,
				F4D5E2D4292A016100B098A9 /* Assets.xcassets in Resources */,
				F4D5E2D2292A016000B098A9 /* Main.storyboard in Resources */,
			);
			runOnlyForDeploymentPostprocessing = 0;
		};
/* End PBXResourcesBuildPhase section */

/* Begin PBXSourcesBuildPhase section */
		F4D5E2C3292A016000B098A9 /* Sources */ = {
			isa = PBXSourcesBuildPhase;
			buildActionMask = 2147483647;
			files = (
				F4D5E2CF292A016000B098A9 /* ViewController.swift in Sources */,
				F498A480292B33E7008638BB /* Petition.swift in Sources */,
				F4D5E2CB292A016000B098A9 /* AppDelegate.swift in Sources */,
				F4D5E2CD292A016000B098A9 /* SceneDelegate.swift in Sources */,
				F4CE4536292C7DDC003E9E2B /* PetitionDetailViewController.swift in Sources */,
				F498A482292B36A2008638BB /* Petitions.swift in Sources */,
			);
			runOnlyForDeploymentPostprocessing = 0;
		};
/* End PBXSourcesBuildPhase section */

/* Begin PBXVariantGroup section */
		F4D5E2D0292A016000B098A9 /* Main.storyboard */ = {
			isa = PBXVariantGroup;
			children = (
				F4D5E2D1292A016000B098A9 /* Base */,
			);
			name = Main.storyboard;
			sourceTree = "<group>";
		};
		F4D5E2D5292A016100B098A9 /* LaunchScreen.storyboard */ = {
			isa = PBXVariantGroup;
			children = (
				F4D5E2D6292A016100B098A9 /* Base */,
			);
			name = LaunchScreen.storyboard;
			sourceTree = "<group>";
		};
/* End PBXVariantGroup section */

/* Begin XCBuildConfiguration section */
		F4D5E2D9292A016100B098A9 /* Debug */ = {
			isa = XCBuildConfiguration;
			buildSettings = {
				ALWAYS_SEARCH_USER_PATHS = NO;
				CLANG_ANALYZER_NONNULL = YES;
				CLANG_ANALYZER_NUMBER_OBJECT_CONVERSION = YES_AGGRESSIVE;
				CLANG_CXX_LANGUAGE_STANDARD = "gnu++17";
				CLANG_CXX_LIBRARY = "libc++";
				CLANG_ENABLE_MODULES = YES;
				CLANG_ENABLE_OBJC_ARC = YES;
				CLANG_ENABLE_OBJC_WEAK = YES;
				CLANG_WARN_BLOCK_CAPTURE_AUTORELEASING = YES;
				CLANG_WARN_BOOL_CONVERSION = YES;
				CLANG_WARN_COMMA = YES;
				CLANG_WARN_CONSTANT_CONVERSION = YES;
				CLANG_WARN_DEPRECATED_OBJC_IMPLEMENTATIONS = YES;
				CLANG_WARN_DIRECT_OBJC_ISA_USAGE = YES_ERROR;
				CLANG_WARN_DOCUMENTATION_COMMENTS = YES;
				CLANG_WARN_EMPTY_BODY = YES;
				CLANG_WARN_ENUM_CONVERSION = YES;
				CLANG_WARN_INFINITE_RECURSION = YES;
				CLANG_WARN_INT_CONVERSION = YES;
				CLANG_WARN_NON_LITERAL_NULL_CONVERSION = YES;
				CLANG_WARN_OBJC_IMPLICIT_RETAIN_SELF = YES;
				CLANG_WARN_OBJC_LITERAL_CONVERSION = YES;
				CLANG_WARN_OBJC_ROOT_CLASS = YES_ERROR;
				CLANG_WARN_QUOTED_INCLUDE_IN_FRAMEWORK_HEADER = YES;
				CLANG_WARN_RANGE_LOOP_ANALYSIS = YES;
				CLANG_WARN_STRICT_PROTOTYPES = YES;
				CLANG_WARN_SUSPICIOUS_MOVE = YES;
				CLANG_WARN_UNGUARDED_AVAILABILITY = YES_AGGRESSIVE;
				CLANG_WARN_UNREACHABLE_CODE = YES;
				CLANG_WARN__DUPLICATE_METHOD_MATCH = YES;
				COPY_PHASE_STRIP = NO;
				DEBUG_INFORMATION_FORMAT = dwarf;
				ENABLE_STRICT_OBJC_MSGSEND = YES;
				ENABLE_TESTABILITY = YES;
				GCC_C_LANGUAGE_STANDARD = gnu11;
				GCC_DYNAMIC_NO_PIC = NO;
				GCC_NO_COMMON_BLOCKS = YES;
				GCC_OPTIMIZATION_LEVEL = 0;
				GCC_PREPROCESSOR_DEFINITIONS = (
					"DEBUG=1",
					"$(inherited)",
				);
				GCC_WARN_64_TO_32_BIT_CONVERSION = YES;
				GCC_WARN_ABOUT_RETURN_TYPE = YES_ERROR;
				GCC_WARN_UNDECLARED_SELECTOR = YES;
				GCC_WARN_UNINITIALIZED_AUTOS = YES_AGGRESSIVE;
				GCC_WARN_UNUSED_FUNCTION = YES;
				GCC_WARN_UNUSED_VARIABLE = YES;
				IPHONEOS_DEPLOYMENT_TARGET = 15.0;
				MTL_ENABLE_DEBUG_INFO = INCLUDE_SOURCE;
				MTL_FAST_MATH = YES;
				ONLY_ACTIVE_ARCH = YES;
				SDKROOT = iphoneos;
				SWIFT_ACTIVE_COMPILATION_CONDITIONS = DEBUG;
				SWIFT_OPTIMIZATION_LEVEL = "-Onone";
			};
			name = Debug;
		};
		F4D5E2DA292A016100B098A9 /* Release */ = {
			isa = XCBuildConfiguration;
			buildSettings = {
				ALWAYS_SEARCH_USER_PATHS = NO;
				CLANG_ANALYZER_NONNULL = YES;
				CLANG_ANALYZER_NUMBER_OBJECT_CONVERSION = YES_AGGRESSIVE;
				CLANG_CXX_LANGUAGE_STANDARD = "gnu++17";
				CLANG_CXX_LIBRARY = "libc++";
				CLANG_ENABLE_MODULES = YES;
				CLANG_ENABLE_OBJC_ARC = YES;
				CLANG_ENABLE_OBJC_WEAK = YES;
				CLANG_WARN_BLOCK_CAPTURE_AUTORELEASING = YES;
				CLANG_WARN_BOOL_CONVERSION = YES;
				CLANG_WARN_COMMA = YES;
				CLANG_WARN_CONSTANT_CONVERSION = YES;
				CLANG_WARN_DEPRECATED_OBJC_IMPLEMENTATIONS = YES;
				CLANG_WARN_DIRECT_OBJC_ISA_USAGE = YES_ERROR;
				CLANG_WARN_DOCUMENTATION_COMMENTS = YES;
				CLANG_WARN_EMPTY_BODY = YES;
				CLANG_WARN_ENUM_CONVERSION = YES;
				CLANG_WARN_INFINITE_RECURSION = YES;
				CLANG_WARN_INT_CONVERSION = YES;
				CLANG_WARN_NON_LITERAL_NULL_CONVERSION = YES;
				CLANG_WARN_OBJC_IMPLICIT_RETAIN_SELF = YES;
				CLANG_WARN_OBJC_LITERAL_CONVERSION = YES;
				CLANG_WARN_OBJC_ROOT_CLASS = YES_ERROR;
				CLANG_WARN_QUOTED_INCLUDE_IN_FRAMEWORK_HEADER = YES;
				CLANG_WARN_RANGE_LOOP_ANALYSIS = YES;
				CLANG_WARN_STRICT_PROTOTYPES = YES;
				CLANG_WARN_SUSPICIOUS_MOVE = YES;
				CLANG_WARN_UNGUARDED_AVAILABILITY = YES_AGGRESSIVE;
				CLANG_WARN_UNREACHABLE_CODE = YES;
				CLANG_WARN__DUPLICATE_METHOD_MATCH = YES;
				COPY_PHASE_STRIP = NO;
				DEBUG_INFORMATION_FORMAT = "dwarf-with-dsym";
				ENABLE_NS_ASSERTIONS = NO;
				ENABLE_STRICT_OBJC_MSGSEND = YES;
				GCC_C_LANGUAGE_STANDARD = gnu11;
				GCC_NO_COMMON_BLOCKS = YES;
				GCC_WARN_64_TO_32_BIT_CONVERSION = YES;
				GCC_WARN_ABOUT_RETURN_TYPE = YES_ERROR;
				GCC_WARN_UNDECLARED_SELECTOR = YES;
				GCC_WARN_UNINITIALIZED_AUTOS = YES_AGGRESSIVE;
				GCC_WARN_UNUSED_FUNCTION = YES;
				GCC_WARN_UNUSED_VARIABLE = YES;
				IPHONEOS_DEPLOYMENT_TARGET = 15.0;
				MTL_ENABLE_DEBUG_INFO = NO;
				MTL_FAST_MATH = YES;
				SDKROOT = iphoneos;
				SWIFT_COMPILATION_MODE = wholemodule;
				SWIFT_OPTIMIZATION_LEVEL = "-O";
				VALIDATE_PRODUCT = YES;
			};
			name = Release;
		};
		F4D5E2DC292A016100B098A9 /* Debug */ = {
			isa = XCBuildConfiguration;
			buildSettings = {
				ASSETCATALOG_COMPILER_APPICON_NAME = AppIcon;
				ASSETCATALOG_COMPILER_GLOBAL_ACCENT_COLOR_NAME = AccentColor;
				CODE_SIGN_STYLE = Automatic;
				CURRENT_PROJECT_VERSION = 1;
				DEVELOPMENT_TEAM = 63JMHD564P;
				GENERATE_INFOPLIST_FILE = YES;
				INFOPLIST_FILE = "White House Petition/Info.plist";
				INFOPLIST_KEY_UIApplicationSupportsIndirectInputEvents = YES;
				INFOPLIST_KEY_UILaunchStoryboardName = LaunchScreen;
				INFOPLIST_KEY_UIMainStoryboardFile = Main;
				INFOPLIST_KEY_UISupportedInterfaceOrientations_iPad = "UIInterfaceOrientationPortrait UIInterfaceOrientationPortraitUpsideDown UIInterfaceOrientationLandscapeLeft UIInterfaceOrientationLandscapeRight";
				INFOPLIST_KEY_UISupportedInterfaceOrientations_iPhone = "UIInterfaceOrientationPortrait UIInterfaceOrientationLandscapeLeft UIInterfaceOrientationLandscapeRight";
				LD_RUNPATH_SEARCH_PATHS = (
					"$(inherited)",
					"@executable_path/Frameworks",
				);
				MARKETING_VERSION = 1.0;
				PRODUCT_BUNDLE_IDENTIFIER = "com.aasemhany.White-House-Petition";
				PRODUCT_NAME = "$(TARGET_NAME)";
				SWIFT_EMIT_LOC_STRINGS = YES;
				SWIFT_VERSION = 5.0;
				TARGETED_DEVICE_FAMILY = "1,2";
			};
			name = Debug;
		};
		F4D5E2DD292A016100B098A9 /* Release */ = {
			isa = XCBuildConfiguration;
			buildSettings = {
				ASSETCATALOG_COMPILER_APPICON_NAME = AppIcon;
				ASSETCATALOG_COMPILER_GLOBAL_ACCENT_COLOR_NAME = AccentColor;
				CODE_SIGN_STYLE = Automatic;
				CURRENT_PROJECT_VERSION = 1;
				DEVELOPMENT_TEAM = 63JMHD564P;
				GENERATE_INFOPLIST_FILE = YES;
				INFOPLIST_FILE = "White House Petition/Info.plist";
				INFOPLIST_KEY_UIApplicationSupportsIndirectInputEvents = YES;
				INFOPLIST_KEY_UILaunchStoryboardName = LaunchScreen;
				INFOPLIST_KEY_UIMainStoryboardFile = Main;
				INFOPLIST_KEY_UISupportedInterfaceOrientations_iPad = "UIInterfaceOrientationPortrait UIInterfaceOrientationPortraitUpsideDown UIInterfaceOrientationLandscapeLeft UIInterfaceOrientationLandscapeRight";
				INFOPLIST_KEY_UISupportedInterfaceOrientations_iPhone = "UIInterfaceOrientationPortrait UIInterfaceOrientationLandscapeLeft UIInterfaceOrientationLandscapeRight";
				LD_RUNPATH_SEARCH_PATHS = (
					"$(inherited)",
					"@executable_path/Frameworks",
				);
				MARKETING_VERSION = 1.0;
				PRODUCT_BUNDLE_IDENTIFIER = "com.aasemhany.White-House-Petition";
				PRODUCT_NAME = "$(TARGET_NAME)";
				SWIFT_EMIT_LOC_STRINGS = YES;
				SWIFT_VERSION = 5.0;
				TARGETED_DEVICE_FAMILY = "1,2";
			};
			name = Release;
		};
/* End XCBuildConfiguration section */

/* Begin XCConfigurationList section */
		F4D5E2C2292A016000B098A9 /* Build configuration list for PBXProject "White House Petition" */ = {
			isa = XCConfigurationList;
			buildConfigurations = (
				F4D5E2D9292A016100B098A9 /* Debug */,
				F4D5E2DA292A016100B098A9 /* Release */,
			);
			defaultConfigurationIsVisible = 0;
			defaultConfigurationName = Release;
		};
		F4D5E2DB292A016100B098A9 /* Build configuration list for PBXNativeTarget "White House Petition" */ = {
			isa = XCConfigurationList;
			buildConfigurations = (
				F4D5E2DC292A016100B098A9 /* Debug */,
				F4D5E2DD292A016100B098A9 /* Release */,
			);
			defaultConfigurationIsVisible = 0;
			defaultConfigurationName = Release;
		};
/* End XCConfigurationList section */
	};
	rootObject = F4D5E2BF292A016000B098A9 /* Project object */;
}
